// !$*UTF8*$!
{
	archiveVersion = 1;
	classes = {
	};
	objectVersion = 50;
	objects = {

/* Begin PBXBuildFile section */
		18AB468821C37B6D0006B044 /* AppDelegate.m in Sources */ = {isa = PBXBuildFile; fileRef = 18AB468721C37B6D0006B044 /* AppDelegate.m */; };
		18AB468B21C37B6D0006B044 /* ViewController.m in Sources */ = {isa = PBXBuildFile; fileRef = 18AB468A21C37B6D0006B044 /* ViewController.m */; };
		18AB468E21C37B6D0006B044 /* Main.storyboard in Resources */ = {isa = PBXBuildFile; fileRef = 18AB468C21C37B6D0006B044 /* Main.storyboard */; };
		18AB469021C37B750006B044 /* Assets.xcassets in Resources */ = {isa = PBXBuildFile; fileRef = 18AB468F21C37B750006B044 /* Assets.xcassets */; };
		18AB469321C37B750006B044 /* LaunchScreen.storyboard in Resources */ = {isa = PBXBuildFile; fileRef = 18AB469121C37B750006B044 /* LaunchScreen.storyboard */; };
		18AB469621C37B750006B044 /* main.m in Sources */ = {isa = PBXBuildFile; fileRef = 18AB469521C37B750006B044 /* main.m */; };
		18AB46A021C37B750006B044 /* WMZCodeTests.m in Sources */ = {isa = PBXBuildFile; fileRef = 18AB469F21C37B750006B044 /* WMZCodeTests.m */; };
		18AB46AB21C37B750006B044 /* WMZCodeUITests.m in Sources */ = {isa = PBXBuildFile; fileRef = 18AB46AA21C37B750006B044 /* WMZCodeUITests.m */; };
		18AB46C121C390C30006B044 /* WMZCodeView.m in Sources */ = {isa = PBXBuildFile; fileRef = 18AB46C021C390C30006B044 /* WMZCodeView.m */; };
/* End PBXBuildFile section */

/* Begin PBXContainerItemProxy section */
		18AB469C21C37B750006B044 /* PBXContainerItemProxy */ = {
			isa = PBXContainerItemProxy;
			containerPortal = 18AB467B21C37B6D0006B044 /* Project object */;
			proxyType = 1;
			remoteGlobalIDString = 18AB468221C37B6D0006B044;
			remoteInfo = WMZCode;
		};
		18AB46A721C37B750006B044 /* PBXContainerItemProxy */ = {
			isa = PBXContainerItemProxy;
			containerPortal = 18AB467B21C37B6D0006B044 /* Project object */;
			proxyType = 1;
			remoteGlobalIDString = 18AB468221C37B6D0006B044;
			remoteInfo = WMZCode;
		};
/* End PBXContainerItemProxy section */

/* Begin PBXFileReference section */
		18AB468321C37B6D0006B044 /* WMZCode.app */ = {isa = PBXFileReference; explicitFileType = wrapper.application; includeInIndex = 0; path = WMZCode.app; sourceTree = BUILT_PRODUCTS_DIR; };
		18AB468621C37B6D0006B044 /* AppDelegate.h */ = {isa = PBXFileReference; lastKnownFileType = sourcecode.c.h; path = AppDelegate.h; sourceTree = "<group>"; };
		18AB468721C37B6D0006B044 /* AppDelegate.m */ = {isa = PBXFileReference; lastKnownFileType = sourcecode.c.objc; path = AppDelegate.m; sourceTree = "<group>"; };
		18AB468921C37B6D0006B044 /* ViewController.h */ = {isa = PBXFileReference; lastKnownFileType = sourcecode.c.h; path = ViewController.h; sourceTree = "<group>"; };
		18AB468A21C37B6D0006B044 /* ViewController.m */ = {isa = PBXFileReference; lastKnownFileType = sourcecode.c.objc; path = ViewController.m; sourceTree = "<group>"; };
		18AB468D21C37B6D0006B044 /* Base */ = {isa = PBXFileReference; lastKnownFileType = file.storyboard; name = Base; path = Base.lproj/Main.storyboard; sourceTree = "<group>"; };
		18AB468F21C37B750006B044 /* Assets.xcassets */ = {isa = PBXFileReference; lastKnownFileType = folder.assetcatalog; path = Assets.xcassets; sourceTree = "<group>"; };
		18AB469221C37B750006B044 /* Base */ = {isa = PBXFileReference; lastKnownFileType = file.storyboard; name = Base; path = Base.lproj/LaunchScreen.storyboard; sourceTree = "<group>"; };
		18AB469421C37B750006B044 /* Info.plist */ = {isa = PBXFileReference; lastKnownFileType = text.plist.xml; path = Info.plist; sourceTree = "<group>"; };
		18AB469521C37B750006B044 /* main.m */ = {isa = PBXFileReference; lastKnownFileType = sourcecode.c.objc; path = main.m; sourceTree = "<group>"; };
		18AB469B21C37B750006B044 /* WMZCodeTests.xctest */ = {isa = PBXFileReference; explicitFileType = wrapper.cfbundle; includeInIndex = 0; path = WMZCodeTests.xctest; sourceTree = BUILT_PRODUCTS_DIR; };
		18AB469F21C37B750006B044 /* WMZCodeTests.m */ = {isa = PBXFileReference; lastKnownFileType = sourcecode.c.objc; path = WMZCodeTests.m; sourceTree = "<group>"; };
		18AB46A121C37B750006B044 /* Info.plist */ = {isa = PBXFileReference; lastKnownFileType = text.plist.xml; path = Info.plist; sourceTree = "<group>"; };
		18AB46A621C37B750006B044 /* WMZCodeUITests.xctest */ = {isa = PBXFileReference; explicitFileType = wrapper.cfbundle; includeInIndex = 0; path = WMZCodeUITests.xctest; sourceTree = BUILT_PRODUCTS_DIR; };
		18AB46AA21C37B750006B044 /* WMZCodeUITests.m */ = {isa = PBXFileReference; lastKnownFileType = sourcecode.c.objc; path = WMZCodeUITests.m; sourceTree = "<group>"; };
		18AB46AC21C37B750006B044 /* Info.plist */ = {isa = PBXFileReference; lastKnownFileType = text.plist.xml; path = Info.plist; sourceTree = "<group>"; };
		18AB46BF21C390C30006B044 /* WMZCodeView.h */ = {isa = PBXFileReference; lastKnownFileType = sourcecode.c.h; path = WMZCodeView.h; sourceTree = "<group>"; };
		18AB46C021C390C30006B044 /* WMZCodeView.m */ = {isa = PBXFileReference; lastKnownFileType = sourcecode.c.objc; path = WMZCodeView.m; sourceTree = "<group>"; };
/* End PBXFileReference section */

/* Begin PBXFrameworksBuildPhase section */
		18AB468021C37B6D0006B044 /* Frameworks */ = {
			isa = PBXFrameworksBuildPhase;
			buildActionMask = 2147483647;
			files = (
			);
			runOnlyForDeploymentPostprocessing = 0;
		};
		18AB469821C37B750006B044 /* Frameworks */ = {
			isa = PBXFrameworksBuildPhase;
			buildActionMask = 2147483647;
			files = (
			);
			runOnlyForDeploymentPostprocessing = 0;
		};
		18AB46A321C37B750006B044 /* Frameworks */ = {
			isa = PBXFrameworksBuildPhase;
			buildActionMask = 2147483647;
			files = (
			);
			runOnlyForDeploymentPostprocessing = 0;
		};
/* End PBXFrameworksBuildPhase section */

/* Begin PBXGroup section */
		18AB467A21C37B6D0006B044 = {
			isa = PBXGroup;
			children = (
				18AB468521C37B6D0006B044 /* WMZCode */,
				18AB469E21C37B750006B044 /* WMZCodeTests */,
				18AB46A921C37B750006B044 /* WMZCodeUITests */,
				18AB468421C37B6D0006B044 /* Products */,
			);
			sourceTree = "<group>";
		};
		18AB468421C37B6D0006B044 /* Products */ = {
			isa = PBXGroup;
			children = (
				18AB468321C37B6D0006B044 /* WMZCode.app */,
				18AB469B21C37B750006B044 /* WMZCodeTests.xctest */,
				18AB46A621C37B750006B044 /* WMZCodeUITests.xctest */,
			);
			name = Products;
			sourceTree = "<group>";
		};
		18AB468521C37B6D0006B044 /* WMZCode */ = {
			isa = PBXGroup;
			children = (
				18AB46B821C37BCB0006B044 /* WMZCode */,
				18AB468621C37B6D0006B044 /* AppDelegate.h */,
				18AB468721C37B6D0006B044 /* AppDelegate.m */,
				18AB468921C37B6D0006B044 /* ViewController.h */,
				18AB468A21C37B6D0006B044 /* ViewController.m */,
				18AB468C21C37B6D0006B044 /* Main.storyboard */,
				18AB468F21C37B750006B044 /* Assets.xcassets */,
				18AB469121C37B750006B044 /* LaunchScreen.storyboard */,
				18AB469421C37B750006B044 /* Info.plist */,
				18AB469521C37B750006B044 /* main.m */,
			);
			path = WMZCode;
			sourceTree = "<group>";
		};
		18AB469E21C37B750006B044 /* WMZCodeTests */ = {
			isa = PBXGroup;
			children = (
				18AB469F21C37B750006B044 /* WMZCodeTests.m */,
				18AB46A121C37B750006B044 /* Info.plist */,
			);
			path = WMZCodeTests;
			sourceTree = "<group>";
		};
		18AB46A921C37B750006B044 /* WMZCodeUITests */ = {
			isa = PBXGroup;
			children = (
				18AB46AA21C37B750006B044 /* WMZCodeUITests.m */,
				18AB46AC21C37B750006B044 /* Info.plist */,
			);
			path = WMZCodeUITests;
			sourceTree = "<group>";
		};
		18AB46B821C37BCB0006B044 /* WMZCode */ = {
			isa = PBXGroup;
			children = (
				18AB46BF21C390C30006B044 /* WMZCodeView.h */,
				18AB46C021C390C30006B044 /* WMZCodeView.m */,
			);
			path = WMZCode;
			sourceTree = "<group>";
		};
/* End PBXGroup section */

/* Begin PBXNativeTarget section */
		18AB468221C37B6D0006B044 /* WMZCode */ = {
			isa = PBXNativeTarget;
			buildConfigurationList = 18AB46AF21C37B750006B044 /* Build configuration list for PBXNativeTarget "WMZCode" */;
			buildPhases = (
				18AB467F21C37B6D0006B044 /* Sources */,
				18AB468021C37B6D0006B044 /* Frameworks */,
				18AB468121C37B6D0006B044 /* Resources */,
			);
			buildRules = (
			);
			dependencies = (
			);
			name = WMZCode;
			productName = WMZCode;
			productReference = 18AB468321C37B6D0006B044 /* WMZCode.app */;
			productType = "com.apple.product-type.application";
		};
		18AB469A21C37B750006B044 /* WMZCodeTests */ = {
			isa = PBXNativeTarget;
			buildConfigurationList = 18AB46B221C37B750006B044 /* Build configuration list for PBXNativeTarget "WMZCodeTests" */;
			buildPhases = (
				18AB469721C37B750006B044 /* Sources */,
				18AB469821C37B750006B044 /* Frameworks */,
				18AB469921C37B750006B044 /* Resources */,
			);
			buildRules = (
			);
			dependencies = (
				18AB469D21C37B750006B044 /* PBXTargetDependency */,
			);
			name = WMZCodeTests;
			productName = WMZCodeTests;
			productReference = 18AB469B21C37B750006B044 /* WMZCodeTests.xctest */;
			productType = "com.apple.product-type.bundle.unit-test";
		};
		18AB46A521C37B750006B044 /* WMZCodeUITests */ = {
			isa = PBXNativeTarget;
			buildConfigurationList = 18AB46B521C37B750006B044 /* Build configuration list for PBXNativeTarget "WMZCodeUITests" */;
			buildPhases = (
				18AB46A221C37B750006B044 /* Sources */,
				18AB46A321C37B750006B044 /* Frameworks */,
				18AB46A421C37B750006B044 /* Resources */,
			);
			buildRules = (
			);
			dependencies = (
				18AB46A821C37B750006B044 /* PBXTargetDependency */,
			);
			name = WMZCodeUITests;
			productName = WMZCodeUITests;
			productReference = 18AB46A621C37B750006B044 /* WMZCodeUITests.xctest */;
			productType = "com.apple.product-type.bundle.ui-testing";
		};
/* End PBXNativeTarget section */

/* Begin PBXProject section */
		18AB467B21C37B6D0006B044 /* Project object */ = {
			isa = PBXProject;
			attributes = {
				LastUpgradeCheck = 1000;
				ORGANIZATIONNAME = wmz;
				TargetAttributes = {
					18AB468221C37B6D0006B044 = {
						CreatedOnToolsVersion = 10.0;
					};
					18AB469A21C37B750006B044 = {
						CreatedOnToolsVersion = 10.0;
						TestTargetID = 18AB468221C37B6D0006B044;
					};
					18AB46A521C37B750006B044 = {
						CreatedOnToolsVersion = 10.0;
						TestTargetID = 18AB468221C37B6D0006B044;
					};
				};
			};
			buildConfigurationList = 18AB467E21C37B6D0006B044 /* Build configuration list for PBXProject "WMZCode" */;
			compatibilityVersion = "Xcode 9.3";
			developmentRegion = en;
			hasScannedForEncodings = 0;
			knownRegions = (
				en,
				Base,
			);
			mainGroup = 18AB467A21C37B6D0006B044;
			productRefGroup = 18AB468421C37B6D0006B044 /* Products */;
			projectDirPath = "";
			projectRoot = "";
			targets = (
				18AB468221C37B6D0006B044 /* WMZCode */,
				18AB469A21C37B750006B044 /* WMZCodeTests */,
				18AB46A521C37B750006B044 /* WMZCodeUITests */,
			);
		};
/* End PBXProject section */

/* Begin PBXResourcesBuildPhase section */
		18AB468121C37B6D0006B044 /* Resources */ = {
			isa = PBXResourcesBuildPhase;
			buildActionMask = 2147483647;
			files = (
				18AB469321C37B750006B044 /* LaunchScreen.storyboard in Resources */,
				18AB469021C37B750006B044 /* Assets.xcassets in Resources */,
				18AB468E21C37B6D0006B044 /* Main.storyboard in Resources */,
			);
			runOnlyForDeploymentPostprocessing = 0;
		};
		18AB469921C37B750006B044 /* Resources */ = {
			isa = PBXResourcesBuildPhase;
			buildActionMask = 2147483647;
			files = (
			);
			runOnlyForDeploymentPostprocessing = 0;
		};
		18AB46A421C37B750006B044 /* Resources */ = {
			isa = PBXResourcesBuildPhase;
			buildActionMask = 2147483647;
			files = (
			);
			runOnlyForDeploymentPostprocessing = 0;
		};
/* End PBXResourcesBuildPhase section */

/* Begin PBXSourcesBuildPhase section */
		18AB467F21C37B6D0006B044 /* Sources */ = {
			isa = PBXSourcesBuildPhase;
			buildActionMask = 2147483647;
			files = (
				18AB468B21C37B6D0006B044 /* ViewController.m in Sources */,
				18AB469621C37B750006B044 /* main.m in Sources */,
				18AB46C121C390C30006B044 /* WMZCodeView.m in Sources */,
				18AB468821C37B6D0006B044 /* AppDelegate.m in Sources */,
			);
			runOnlyForDeploymentPostprocessing = 0;
		};
		18AB469721C37B750006B044 /* Sources */ = {
			isa = PBXSourcesBuildPhase;
			buildActionMask = 2147483647;
			files = (
				18AB46A021C37B750006B044 /* WMZCodeTests.m in Sources */,
			);
			runOnlyForDeploymentPostprocessing = 0;
		};
		18AB46A221C37B750006B044 /* Sources */ = {
			isa = PBXSourcesBuildPhase;
			buildActionMask = 2147483647;
			files = (
				18AB46AB21C37B750006B044 /* WMZCodeUITests.m in Sources */,
			);
			runOnlyForDeploymentPostprocessing = 0;
		};
/* End PBXSourcesBuildPhase section */

/* Begin PBXTargetDependency section */
		18AB469D21C37B750006B044 /* PBXTargetDependency */ = {
			isa = PBXTargetDependency;
			target = 18AB468221C37B6D0006B044 /* WMZCode */;
			targetProxy = 18AB469C21C37B750006B044 /* PBXContainerItemProxy */;
		};
		18AB46A821C37B750006B044 /* PBXTargetDependency */ = {
			isa = PBXTargetDependency;
			target = 18AB468221C37B6D0006B044 /* WMZCode */;
			targetProxy = 18AB46A721C37B750006B044 /* PBXContainerItemProxy */;
		};
/* End PBXTargetDependency section */

/* Begin PBXVariantGroup section */
		18AB468C21C37B6D0006B044 /* Main.storyboard */ = {
			isa = PBXVariantGroup;
			children = (
				18AB468D21C37B6D0006B044 /* Base */,
			);
			name = Main.storyboard;
			sourceTree = "<group>";
		};
		18AB469121C37B750006B044 /* LaunchScreen.storyboard */ = {
			isa = PBXVariantGroup;
			children = (
				18AB469221C37B750006B044 /* Base */,
			);
			name = LaunchScreen.storyboard;
			sourceTree = "<group>";
		};
/* End PBXVariantGroup section */

/* Begin XCBuildConfiguration section */
		18AB46AD21C37B750006B044 /* Debug */ = {
			isa = XCBuildConfiguration;
			buildSettings = {
				ALWAYS_SEARCH_USER_PATHS = NO;
				CLANG_ANALYZER_NONNULL = YES;
				CLANG_ANALYZER_NUMBER_OBJECT_CONVERSION = YES_AGGRESSIVE;
				CLANG_CXX_LANGUAGE_STANDARD = "gnu++14";
				CLANG_CXX_LIBRARY = "libc++";
				CLANG_ENABLE_MODULES = YES;
				CLANG_ENABLE_OBJC_ARC = YES;
				CLANG_ENABLE_OBJC_WEAK = YES;
				CLANG_WARN_BLOCK_CAPTURE_AUTORELEASING = YES;
				CLANG_WARN_BOOL_CONVERSION = YES;
				CLANG_WARN_COMMA = YES;
				CLANG_WARN_CONSTANT_CONVERSION = YES;
				CLANG_WARN_DEPRECATED_OBJC_IMPLEMENTATIONS = YES;
				CLANG_WARN_DIRECT_OBJC_ISA_USAGE = YES_ERROR;
				CLANG_WARN_DOCUMENTATION_COMMENTS = YES;
				CLANG_WARN_EMPTY_BODY = YES;
				CLANG_WARN_ENUM_CONVERSION = YES;
				CLANG_WARN_INFINITE_RECURSION = YES;
				CLANG_WARN_INT_CONVERSION = YES;
				CLANG_WARN_NON_LITERAL_NULL_CONVERSION = YES;
				CLANG_WARN_OBJC_IMPLICIT_RETAIN_SELF = YES;
				CLANG_WARN_OBJC_LITERAL_CONVERSION = YES;
				CLANG_WARN_OBJC_ROOT_CLASS = YES_ERROR;
				CLANG_WARN_RANGE_LOOP_ANALYSIS = YES;
				CLANG_WARN_STRICT_PROTOTYPES = YES;
				CLANG_WARN_SUSPICIOUS_MOVE = YES;
				CLANG_WARN_UNGUARDED_AVAILABILITY = YES_AGGRESSIVE;
				CLANG_WARN_UNREACHABLE_CODE = YES;
				CLANG_WARN__DUPLICATE_METHOD_MATCH = YES;
				CODE_SIGN_IDENTITY = "iPhone Developer";
				COPY_PHASE_STRIP = NO;
				DEBUG_INFORMATION_FORMAT = dwarf;
				ENABLE_STRICT_OBJC_MSGSEND = YES;
				ENABLE_TESTABILITY = YES;
				GCC_C_LANGUAGE_STANDARD = gnu11;
				GCC_DYNAMIC_NO_PIC = NO;
				GCC_NO_COMMON_BLOCKS = YES;
				GCC_OPTIMIZATION_LEVEL = 0;
				GCC_PREPROCESSOR_DEFINITIONS = (
					"DEBUG=1",
					"$(inherited)",
				);
				GCC_WARN_64_TO_32_BIT_CONVERSION = YES;
				GCC_WARN_ABOUT_RETURN_TYPE = YES_ERROR;
				GCC_WARN_UNDECLARED_SELECTOR = YES;
				GCC_WARN_UNINITIALIZED_AUTOS = YES_AGGRESSIVE;
				GCC_WARN_UNUSED_FUNCTION = YES;
				GCC_WARN_UNUSED_VARIABLE = YES;
				IPHONEOS_DEPLOYMENT_TARGET = 12.0;
				MTL_ENABLE_DEBUG_INFO = INCLUDE_SOURCE;
				MTL_FAST_MATH = YES;
				ONLY_ACTIVE_ARCH = YES;
				SDKROOT = iphoneos;
			};
			name = Debug;
		};
		18AB46AE21C37B750006B044 /* Release */ = {
			isa = XCBuildConfiguration;
			buildSettings = {
				ALWAYS_SEARCH_USER_PATHS = NO;
				CLANG_ANALYZER_NONNULL = YES;
				CLANG_ANALYZER_NUMBER_OBJECT_CONVERSION = YES_AGGRESSIVE;
				CLANG_CXX_LANGUAGE_STANDARD = "gnu++14";
				CLANG_CXX_LIBRARY = "libc++";
				CLANG_ENABLE_MODULES = YES;
				CLANG_ENABLE_OBJC_ARC = YES;
				CLANG_ENABLE_OBJC_WEAK = YES;
				CLANG_WARN_BLOCK_CAPTURE_AUTORELEASING = YES;
				CLANG_WARN_BOOL_CONVERSION = YES;
				CLANG_WARN_COMMA = YES;
				CLANG_WARN_CONSTANT_CONVERSION = YES;
				CLANG_WARN_DEPRECATED_OBJC_IMPLEMENTATIONS = YES;
				CLANG_WARN_DIRECT_OBJC_ISA_USAGE = YES_ERROR;
				CLANG_WARN_DOCUMENTATION_COMMENTS = YES;
				CLANG_WARN_EMPTY_BODY = YES;
				CLANG_WARN_ENUM_CONVERSION = YES;
				CLANG_WARN_INFINITE_RECURSION = YES;
				CLANG_WARN_INT_CONVERSION = YES;
				CLANG_WARN_NON_LITERAL_NULL_CONVERSION = YES;
				CLANG_WARN_OBJC_IMPLICIT_RETAIN_SELF = YES;
				CLANG_WARN_OBJC_LITERAL_CONVERSION = YES;
				CLANG_WARN_OBJC_ROOT_CLASS = YES_ERROR;
				CLANG_WARN_RANGE_LOOP_ANALYSIS = YES;
				CLANG_WARN_STRICT_PROTOTYPES = YES;
				CLANG_WARN_SUSPICIOUS_MOVE = YES;
				CLANG_WARN_UNGUARDED_AVAILABILITY = YES_AGGRESSIVE;
				CLANG_WARN_UNREACHABLE_CODE = YES;
				CLANG_WARN__DUPLICATE_METHOD_MATCH = YES;
				CODE_SIGN_IDENTITY = "iPhone Developer";
				COPY_PHASE_STRIP = NO;
				DEBUG_INFORMATION_FORMAT = "dwarf-with-dsym";
				ENABLE_NS_ASSERTIONS = NO;
				ENABLE_STRICT_OBJC_MSGSEND = YES;
				GCC_C_LANGUAGE_STANDARD = gnu11;
				GCC_NO_COMMON_BLOCKS = YES;
				GCC_WARN_64_TO_32_BIT_CONVERSION = YES;
				GCC_WARN_ABOUT_RETURN_TYPE = YES_ERROR;
				GCC_WARN_UNDECLARED_SELECTOR = YES;
				GCC_WARN_UNINITIALIZED_AUTOS = YES_AGGRESSIVE;
				GCC_WARN_UNUSED_FUNCTION = YES;
				GCC_WARN_UNUSED_VARIABLE = YES;
				IPHONEOS_DEPLOYMENT_TARGET = 12.0;
				MTL_ENABLE_DEBUG_INFO = NO;
				MTL_FAST_MATH = YES;
				SDKROOT = iphoneos;
				VALIDATE_PRODUCT = YES;
			};
			name = Release;
		};
		18AB46B021C37B750006B044 /* Debug */ = {
			isa = XCBuildConfiguration;
			buildSettings = {
				ASSETCATALOG_COMPILER_APPICON_NAME = AppIcon;
				CODE_SIGN_STYLE = Automatic;
				DEVELOPMENT_TEAM = HR6T4LQD9T;
				INFOPLIST_FILE = WMZCode/Info.plist;
				LD_RUNPATH_SEARCH_PATHS = (
					"$(inherited)",
					"@executable_path/Frameworks",
				);
				PRODUCT_BUNDLE_IDENTIFIER = com.WMZCode;
				PRODUCT_NAME = "$(TARGET_NAME)";
				TARGETED_DEVICE_FAMILY = "1,2";
			};
			name = Debug;
		};
		18AB46B121C37B750006B044 /* Release */ = {
			isa = XCBuildConfiguration;
			buildSettings = {
				ASSETCATALOG_COMPILER_APPICON_NAME = AppIcon;
				CODE_SIGN_STYLE = Automatic;
				DEVELOPMENT_TEAM = HR6T4LQD9T;
				INFOPLIST_FILE = WMZCode/Info.plist;
				LD_RUNPATH_SEARCH_PATHS = (
					"$(inherited)",
					"@executable_path/Frameworks",
				);
				PRODUCT_BUNDLE_IDENTIFIER = com.WMZCode;
				PRODUCT_NAME = "$(TARGET_NAME)";
				TARGETED_DEVICE_FAMILY = "1,2";
			};
			name = Release;
		};
		18AB46B321C37B750006B044 /* Debug */ = {
			isa = XCBuildConfiguration;
			buildSettings = {
				BUNDLE_LOADER = "$(TEST_HOST)";
				CODE_SIGN_STYLE = Automatic;
				DEVELOPMENT_TEAM = HR6T4LQD9T;
				INFOPLIST_FILE = WMZCodeTests/Info.plist;
				LD_RUNPATH_SEARCH_PATHS = (
					"$(inherited)",
					"@executable_path/Frameworks",
					"@loader_path/Frameworks",
				);
				PRODUCT_BUNDLE_IDENTIFIER = com.WMZCodeTests;
				PRODUCT_NAME = "$(TARGET_NAME)";
				TARGETED_DEVICE_FAMILY = "1,2";
				TEST_HOST = "$(BUILT_PRODUCTS_DIR)/WMZCode.app/WMZCode";
			};
			name = Debug;
		};
		18AB46B421C37B750006B044 /* Release */ = {
			isa = XCBuildConfiguration;
			buildSettings = {
				BUNDLE_LOADER = "$(TEST_HOST)";
				CODE_SIGN_STYLE = Automatic;
				DEVELOPMENT_TEAM = HR6T4LQD9T;
				INFOPLIST_FILE = WMZCodeTests/Info.plist;
				LD_RUNPATH_SEARCH_PATHS = (
					"$(inherited)",
					"@executable_path/Frameworks",
					"@loader_path/Frameworks",
				);
				PRODUCT_BUNDLE_IDENTIFIER = com.WMZCodeTests;
				PRODUCT_NAME = "$(TARGET_NAME)";
				TARGETED_DEVICE_FAMILY = "1,2";
				TEST_HOST = "$(BUILT_PRODUCTS_DIR)/WMZCode.app/WMZCode";
			};
			name = Release;
		};
		18AB46B621C37B750006B044 /* Debug */ = {
			isa = XCBuildConfiguration;
			buildSettings = {
				CODE_SIGN_STYLE = Automatic;
				DEVELOPMENT_TEAM = HR6T4LQD9T;
				INFOPLIST_FILE = WMZCodeUITests/Info.plist;
				LD_RUNPATH_SEARCH_PATHS = (
					"$(inherited)",
					"@executable_path/Frameworks",
					"@loader_path/Frameworks",
				);
				PRODUCT_BUNDLE_IDENTIFIER = com.WMZCodeUITests;
				PRODUCT_NAME = "$(TARGET_NAME)";
				TARGETED_DEVICE_FAMILY = "1,2";
				TEST_TARGET_NAME = WMZCode;
			};
			name = Debug;
		};
		18AB46B721C37B750006B044 /* Release */ = {
			isa = XCBuildConfiguration;
			buildSettings = {
				CODE_SIGN_STYLE = Automatic;
				DEVELOPMENT_TEAM = HR6T4LQD9T;
				INFOPLIST_FILE = WMZCodeUITests/Info.plist;
				LD_RUNPATH_SEARCH_PATHS = (
					"$(inherited)",
					"@executable_path/Frameworks",
					"@loader_path/Frameworks",
				);
				PRODUCT_BUNDLE_IDENTIFIER = com.WMZCodeUITests;
				PRODUCT_NAME = "$(TARGET_NAME)";
				TARGETED_DEVICE_FAMILY = "1,2";
				TEST_TARGET_NAME = WMZCode;
			};
			name = Release;
		};
/* End XCBuildConfiguration section */

/* Begin XCConfigurationList section */
		18AB467E21C37B6D0006B044 /* Build configuration list for PBXProject "WMZCode" */ = {
			isa = XCConfigurationList;
			buildConfigurations = (
				18AB46AD21C37B750006B044 /* Debug */,
				18AB46AE21C37B750006B044 /* Release */,
			);
			defaultConfigurationIsVisible = 0;
			defaultConfigurationName = Release;
		};
		18AB46AF21C37B750006B044 /* Build configuration list for PBXNativeTarget "WMZCode" */ = {
			isa = XCConfigurationList;
			buildConfigurations = (
				18AB46B021C37B750006B044 /* Debug */,
				18AB46B121C37B750006B044 /* Release */,
			);
			defaultConfigurationIsVisible = 0;
			defaultConfigurationName = Release;
		};
		18AB46B221C37B750006B044 /* Build configuration list for PBXNativeTarget "WMZCodeTests" */ = {
			isa = XCConfigurationList;
			buildConfigurations = (
				18AB46B321C37B750006B044 /* Debug */,
				18AB46B421C37B750006B044 /* Release */,
			);
			defaultConfigurationIsVisible = 0;
			defaultConfigurationName = Release;
		};
		18AB46B521C37B750006B044 /* Build configuration list for PBXNativeTarget "WMZCodeUITests" */ = {
			isa = XCConfigurationList;
			buildConfigurations = (
				18AB46B621C37B750006B044 /* Debug */,
				18AB46B721C37B750006B044 /* Release */,
			);
			defaultConfigurationIsVisible = 0;
			defaultConfigurationName = Release;
		};
/* End XCConfigurationList section */
	};
	rootObject = 18AB467B21C37B6D0006B044 /* Project object */;
}
